PODS:
  - AFNetworking (3.1.0):
    - AFNetworking/NSURLSession (= 3.1.0)
    - AFNetworking/Reachability (= 3.1.0)
    - AFNetworking/Security (= 3.1.0)
    - AFNetworking/Serialization (= 3.1.0)
    - AFNetworking/UIKit (= 3.1.0)
  - AFNetworking/NSURLSession (3.1.0):
    - AFNetworking/Reachability
    - AFNetworking/Security
    - AFNetworking/Serialization
  - AFNetworking/Reachability (3.1.0)
  - AFNetworking/Security (3.1.0)
  - AFNetworking/Serialization (3.1.0)
  - AFNetworking/UIKit (3.1.0):
    - AFNetworking/NSURLSession
  - Base64nl (1.2)
  - BSUIKit (1.0.0)
  - Bugly (2.4.8)
  - CustomIOSAlertView (0.9.5)
  - DZNSegmentedControl (1.3.3)
  - FBRetainCycleDetector (0.1.3)
  - FMDB (2.6.2):
    - FMDB/standard (= 2.6.2)
  - FMDB/standard (2.6.2)
  - GONMarkupParser (0.7.4):
    - NSString+Color
  - IQKeyboardManager (4.0.9)
  - KYVedioPlayer (0.0.5):
    - Masonry (~> 1.0.1)
  - Mantle (2.1.0):
    - Mantle/extobjc (= 2.1.0)
  - Mantle/extobjc (2.1.0)
  - Masonry (1.0.2)
  - MBProgressHUD (1.0.0)
  - MGSwipeTableCell (1.5.6)
  - MJExtension (3.0.13)
  - MJRefresh (3.1.12)
  - MLeaksFinder (0.2.1):
    - FBRetainCycleDetector
  - NSString+Color (1.1.4)
  - SDWebImage (4.0.0):
    - SDWebImage/Core (= 4.0.0)
  - SDWebImage/Core (4.0.0)
  - UMengAnalytics (4.2.4)
  - VOSegmentedControl (1.0.0)
  - WHCNetWorkKit (0.0.3):
    - WHCNetWorkKit/NSURLConnection (= 0.0.3)
    - WHCNetWorkKit/NSURLSession (= 0.0.3)
    - WHCNetWorkKit/Reachability (= 0.0.3)
    - WHCNetWorkKit/UIKit (= 0.0.3)
    - WHCNetWorkKit/UtillKit (= 0.0.3)
  - WHCNetWorkKit/NSURLConnection (0.0.3):
    - WHCNetWorkKit/Reachability
  - WHCNetWorkKit/NSURLSession (0.0.3):
    - WHCNetWorkKit/NSURLConnection
  - WHCNetWorkKit/Reachability (0.0.3)
  - WHCNetWorkKit/UIKit (0.0.3):
    - WHCNetWorkKit/NSURLConnection
  - WHCNetWorkKit/UtillKit (0.0.3)
  - WMPageController (2.3.0)
  - YYKit (1.0.9):
    - YYKit/no-arc (= 1.0.9)
  - YYKit/no-arc (1.0.9)
  - ZFPlayer (2.1.3):
    - Masonry

DEPENDENCIES:
  - AFNetworking (~> 3.1.0)
  - Base64nl (~> 1.2)
  - BSUIKit (~> 1.0)
  - Bugly (~> 2.4)
  - CustomIOSAlertView (~> 0.9)
  - DZNSegmentedControl (~> 1.3)
  - FMDB (~> 2.6)
  - GONMarkupParser (~> 0.7)
  - IQKeyboardManager (~> 4.0)
  - KYVedioPlayer (~> 0.0)
  - Mantle (~> 2.1)
  - Masonry (~> 1.0)
  - MBProgressHUD (~> 1.0)
  - MGSwipeTableCell (~> 1.5)
  - MJExtension (~> 3.0)
  - MJRefresh (~> 3.1)
  - MLeaksFinder (~> 0.2)
  - SDWebImage (~> 4.0)
  - UMengAnalytics (~> 4.2)
  - VOSegmentedControl (~> 1.0)
  - WHCNetWorkKit (~> 0.0)
  - WMPageController (~> 2.2)
  - YYKit (~> 1.0)
  - ZFPlayer (~> 2.1)

SPEC CHECKSUMS:
  AFNetworking: 5e0e199f73d8626b11e79750991f5d173d1f8b67
  Base64nl: a497bdcd1c01ea793d36b399016195a8713c0e95
  BSUIKit: cf7f01f209ba0a6e3d7a03318e54e73d6980fe09
  Bugly: da3c02408c14838d498429320545a8e439392978
  CustomIOSAlertView: cc4fa8e36219be3fd5ebcd40789f5b4aaae0f38e
  DZNSegmentedControl: ecc2f31c5581cce10c4d766ea4bd2d0781814c1f
  FBRetainCycleDetector: f0c7b290bf48ae77f6ae060843ce34ae341781eb
  FMDB: 854a0341b4726e53276f2a8996f06f1b80f9259a
  GONMarkupParser: 2455e05924918f133942575ff48822b123cc160c
  IQKeyboardManager: 322c7405df3eb5f7e50dede32ea937bf3d4364e0
  KYVedioPlayer: 22514bca35913053adcfc9a150d74ec90218f4d4
  Mantle: 2fa750afa478cd625a94230fbf1c13462f29395b
  Masonry: 7c429b56da9d4ee0bbb3ed77a5ea710d6a5df39e
  MBProgressHUD: 4890f671c94e8a0f3cf959aa731e9de2f036d71a
  MGSwipeTableCell: 616700eb0ffd1c611ba909066cb7fd739790a0a7
  MJExtension: 5932755f451458eefa24239358817f8d291240c7
  MJRefresh: b96cdb21c4aa75a7b07654311ab2f315c497e806
  MLeaksFinder: 0850e2f2abc7227adc4d4e2d1992b431264eb4d5
  NSString+Color: ea9e33d498d634adf56766c606c9128822094473
  SDWebImage: 76a6348bdc74eb5a55dd08a091ef298e56b55e41
  UMengAnalytics: ef8d45f94c0e5771dc364cf6a5731d9d3b101da2
  VOSegmentedControl: 74ad423ab2f7c9ff9ffd872eae408d4532ddb7fa
  WHCNetWorkKit: 169c27c8b8008e8f8d679277929777083a2379b9
  WMPageController: 9f219bb8912a1a1f51af11fde61e2682a7b7e7f2
  YYKit: 7cda43304a8dc3696c449041e2cb3107b4e236e7
  ZFPlayer: 8dc82b4508fbba4ee59d0304c52e30f8b3390244

PODFILE CHECKSUM: afd7df88e63ecc1a90590461cb10fc4d1807726d

COCOAPODS: 1.2.0
