PODS:
  - AFNetworking (3.1.0):
    - AFNetworking/NSURLSession (= 3.1.0)
    - AFNetworking/Reachability (= 3.1.0)
    - AFNetworking/Security (= 3.1.0)
    - AFNetworking/Serialization (= 3.1.0)
    - AFNetworking/UIKit (= 3.1.0)
  - AFNetworking/NSURLSession (3.1.0):
    - AFNetworking/Reachability
    - AFNetworking/Security
    - AFNetworking/Serialization
  - AFNetworking/Reachability (3.1.0)
  - AFNetworking/Security (3.1.0)
  - AFNetworking/Serialization (3.1.0)
  - AFNetworking/UIKit (3.1.0):
    - AFNetworking/NSURLSession
  - Base64nl (1.2)
  - BSUIKit (1.0.0)
  - Bugly (2.4.6)
  - DZNSegmentedControl (1.3.3)
  - FBRetainCycleDetector (0.1.3)
  - FMDB (2.6.2):
    - FMDB/standard (= 2.6.2)
  - FMDB/standard (2.6.2)
  - GONMarkupParser (0.7.2):
    - NSString+Color
  - HcdCachePlayer (1.0.0):
    - Masonry (~> 1.0.1)
  - IQKeyboardManager (4.0.8)
  - Mantle (2.1.0):
    - Mantle/extobjc (= 2.1.0)
  - Mantle/extobjc (2.1.0)
  - Masonry (1.0.2)
  - MBProgressHUD (1.0.0)
  - MGSwipeTableCell (1.5.6)
  - MJExtension (3.0.13)
  - MJRefresh (3.1.12)
  - MLeaksFinder (0.2.1):
    - FBRetainCycleDetector
  - NSString+Color (1.1.4)
  - SDWebImage (4.0.0):
    - SDWebImage/Core (= 4.0.0)
  - SDWebImage/Core (4.0.0)
  - WMPageController (2.2.1)
  - YYKit (1.0.9):
    - YYKit/no-arc (= 1.0.9)
  - YYKit/no-arc (1.0.9)

DEPENDENCIES:
  - AFNetworking (~> 3.1.0)
  - Base64nl (~> 1.2)
  - BSUIKit (~> 1.0)
  - Bugly (~> 2.4)
  - DZNSegmentedControl (~> 1.3)
  - FMDB (~> 2.6)
  - GONMarkupParser (~> 0.7)
  - HcdCachePlayer (~> 1.0)
  - IQKeyboardManager (~> 4.0)
  - Mantle (~> 2.1)
  - Masonry (~> 1.0)
  - MBProgressHUD (~> 1.0)
  - MGSwipeTableCell (~> 1.5)
  - MJExtension (~> 3.0)
  - MJRefresh (~> 3.1)
  - MLeaksFinder (~> 0.2)
  - SDWebImage (~> 4.0)
  - WMPageController (~> 2.2)
  - YYKit (~> 1.0)

SPEC CHECKSUMS:
  AFNetworking: 5e0e199f73d8626b11e79750991f5d173d1f8b67
  Base64nl: a497bdcd1c01ea793d36b399016195a8713c0e95
  BSUIKit: cf7f01f209ba0a6e3d7a03318e54e73d6980fe09
  Bugly: 7756e72c59387b0d490f46e83ab458ae94ee7fba
  DZNSegmentedControl: ecc2f31c5581cce10c4d766ea4bd2d0781814c1f
  FBRetainCycleDetector: f0c7b290bf48ae77f6ae060843ce34ae341781eb
  FMDB: 854a0341b4726e53276f2a8996f06f1b80f9259a
  GONMarkupParser: fb4052cc4d7af41853552c704755b2bdc95fd205
  HcdCachePlayer: 52497ecbf7c98b28f8222c48e999dabb4976f56e
  IQKeyboardManager: 1a8189fa153bf09044355ee0ad36826f6767e7f7
  Mantle: 2fa750afa478cd625a94230fbf1c13462f29395b
  Masonry: 7c429b56da9d4ee0bbb3ed77a5ea710d6a5df39e
  MBProgressHUD: 4890f671c94e8a0f3cf959aa731e9de2f036d71a
  MGSwipeTableCell: 616700eb0ffd1c611ba909066cb7fd739790a0a7
  MJExtension: 5932755f451458eefa24239358817f8d291240c7
  MJRefresh: b96cdb21c4aa75a7b07654311ab2f315c497e806
  MLeaksFinder: 0850e2f2abc7227adc4d4e2d1992b431264eb4d5
  NSString+Color: ea9e33d498d634adf56766c606c9128822094473
  SDWebImage: 76a6348bdc74eb5a55dd08a091ef298e56b55e41
  WMPageController: 181bcc9b1fb7c9c3466bff66012552953a547d28
  YYKit: 7cda43304a8dc3696c449041e2cb3107b4e236e7

PODFILE CHECKSUM: 43849cc91585b8f6b80b88ad0ae85dd0f2ce76ed

COCOAPODS: 1.2.0
